github.com/michaeljpetter/fp v0.1.0 h1:0UjV6IoJBUbWuLgjVByuzAzjOcnqpDqNzejix149GUY=
github.com/michaeljpetter/fp v0.1.0/go.mod h1:g52FY2kx6l1QqLas2vI26R/Y3Xb4XHonBxynCylV0Do=
github.com/michaeljpetter/ptr v0.1.0 h1:BPepbRq2xp39vGgHaF3YYNwJ96mwUe17GZV+c12JkTg=
github.com/michaeljpetter/ptr v0.1.0/go.mod h1:e7ydZZ5sCtlgJ4DruUHjTOEBT68YeLiG0YaAgr9G2lE=
